// !$*UTF8*$!
{
	archiveVersion = 1;
	classes = {
	};
	objectVersion = 46;
	objects = {

/* Begin PBXBuildFile section */
		42BC60121E6E3AC200CCA177 /* AppDelegate.swift in Sources */ = {isa = PBXBuildFile; fileRef = 42BC60111E6E3AC200CCA177 /* AppDelegate.swift */; };
		42BC60151E6E3AC200CCA177 /* PetStore.xcdatamodeld in Sources */ = {isa = PBXBuildFile; fileRef = 42BC60131E6E3AC200CCA177 /* PetStore.xcdatamodeld */; };
		42BC60171E6E3AC200CCA177 /* MasterViewController.swift in Sources */ = {isa = PBXBuildFile; fileRef = 42BC60161E6E3AC200CCA177 /* MasterViewController.swift */; };
		42BC60191E6E3AC200CCA177 /* DetailViewController.swift in Sources */ = {isa = PBXBuildFile; fileRef = 42BC60181E6E3AC200CCA177 /* DetailViewController.swift */; };
		42BC601C1E6E3AC200CCA177 /* Main.storyboard in Resources */ = {isa = PBXBuildFile; fileRef = 42BC601A1E6E3AC200CCA177 /* Main.storyboard */; };
		42BC601E1E6E3AC200CCA177 /* Assets.xcassets in Resources */ = {isa = PBXBuildFile; fileRef = 42BC601D1E6E3AC200CCA177 /* Assets.xcassets */; };
		42BC60211E6E3AC200CCA177 /* LaunchScreen.storyboard in Resources */ = {isa = PBXBuildFile; fileRef = 42BC601F1E6E3AC200CCA177 /* LaunchScreen.storyboard */; };
		42BC602C1E6E3AC200CCA177 /* PetStoreTests.swift in Sources */ = {isa = PBXBuildFile; fileRef = 42BC602B1E6E3AC200CCA177 /* PetStoreTests.swift */; };
		42BC60371E6E3AC200CCA177 /* PetStoreUITests.swift in Sources */ = {isa = PBXBuildFile; fileRef = 42BC60361E6E3AC200CCA177 /* PetStoreUITests.swift */; };
		42BC60451E6F202A00CCA177 /* PetsViewController.swift in Sources */ = {isa = PBXBuildFile; fileRef = 42BC60441E6F202A00CCA177 /* PetsViewController.swift */; };
		42BC60471E6F31AC00CCA177 /* AddingOwnerViewController.swift in Sources */ = {isa = PBXBuildFile; fileRef = 42BC60461E6F31AC00CCA177 /* AddingOwnerViewController.swift */; };
		42BC60491E6F31BB00CCA177 /* AddPetsViewController.swift in Sources */ = {isa = PBXBuildFile; fileRef = 42BC60481E6F31BB00CCA177 /* AddPetsViewController.swift */; };
		42BC604B1E6F32A000CCA177 /* Data.swift in Sources */ = {isa = PBXBuildFile; fileRef = 42BC604A1E6F32A000CCA177 /* Data.swift */; };
/* End PBXBuildFile section */

/* Begin PBXContainerItemProxy section */
		42BC60281E6E3AC200CCA177 /* PBXContainerItemProxy */ = {
			isa = PBXContainerItemProxy;
			containerPortal = 42BC60061E6E3AC100CCA177 /* Project object */;
			proxyType = 1;
			remoteGlobalIDString = 42BC600D1E6E3AC100CCA177;
			remoteInfo = PetStore;
		};
		42BC60331E6E3AC200CCA177 /* PBXContainerItemProxy */ = {
			isa = PBXContainerItemProxy;
			containerPortal = 42BC60061E6E3AC100CCA177 /* Project object */;
			proxyType = 1;
			remoteGlobalIDString = 42BC600D1E6E3AC100CCA177;
			remoteInfo = PetStore;
		};
/* End PBXContainerItemProxy section */

/* Begin PBXFileReference section */
		42BC600E1E6E3AC200CCA177 /* PetStore.app */ = {isa = PBXFileReference; explicitFileType = wrapper.application; includeInIndex = 0; path = PetStore.app; sourceTree = BUILT_PRODUCTS_DIR; };
		42BC60111E6E3AC200CCA177 /* AppDelegate.swift */ = {isa = PBXFileReference; lastKnownFileType = sourcecode.swift; path = AppDelegate.swift; sourceTree = "<group>"; };
		42BC60141E6E3AC200CCA177 /* PetStore.xcdatamodel */ = {isa = PBXFileReference; lastKnownFileType = wrapper.xcdatamodel; path = PetStore.xcdatamodel; sourceTree = "<group>"; };
		42BC60161E6E3AC200CCA177 /* MasterViewController.swift */ = {isa = PBXFileReference; lastKnownFileType = sourcecode.swift; path = MasterViewController.swift; sourceTree = "<group>"; };
		42BC60181E6E3AC200CCA177 /* DetailViewController.swift */ = {isa = PBXFileReference; lastKnownFileType = sourcecode.swift; path = DetailViewController.swift; sourceTree = "<group>"; };
		42BC601B1E6E3AC200CCA177 /* Base */ = {isa = PBXFileReference; lastKnownFileType = file.storyboard; name = Base; path = Base.lproj/Main.storyboard; sourceTree = "<group>"; };
		42BC601D1E6E3AC200CCA177 /* Assets.xcassets */ = {isa = PBXFileReference; lastKnownFileType = folder.assetcatalog; path = Assets.xcassets; sourceTree = "<group>"; };
		42BC60201E6E3AC200CCA177 /* Base */ = {isa = PBXFileReference; lastKnownFileType = file.storyboard; name = Base; path = Base.lproj/LaunchScreen.storyboard; sourceTree = "<group>"; };
		42BC60221E6E3AC200CCA177 /* Info.plist */ = {isa = PBXFileReference; lastKnownFileType = text.plist.xml; path = Info.plist; sourceTree = "<group>"; };
		42BC60271E6E3AC200CCA177 /* PetStoreTests.xctest */ = {isa = PBXFileReference; explicitFileType = wrapper.cfbundle; includeInIndex = 0; path = PetStoreTests.xctest; sourceTree = BUILT_PRODUCTS_DIR; };
		42BC602B1E6E3AC200CCA177 /* PetStoreTests.swift */ = {isa = PBXFileReference; lastKnownFileType = sourcecode.swift; path = PetStoreTests.swift; sourceTree = "<group>"; };
		42BC602D1E6E3AC200CCA177 /* Info.plist */ = {isa = PBXFileReference; lastKnownFileType = text.plist.xml; path = Info.plist; sourceTree = "<group>"; };
		42BC60321E6E3AC200CCA177 /* PetStoreUITests.xctest */ = {isa = PBXFileReference; explicitFileType = wrapper.cfbundle; includeInIndex = 0; path = PetStoreUITests.xctest; sourceTree = BUILT_PRODUCTS_DIR; };
		42BC60361E6E3AC200CCA177 /* PetStoreUITests.swift */ = {isa = PBXFileReference; lastKnownFileType = sourcecode.swift; path = PetStoreUITests.swift; sourceTree = "<group>"; };
		42BC60381E6E3AC200CCA177 /* Info.plist */ = {isa = PBXFileReference; lastKnownFileType = text.plist.xml; path = Info.plist; sourceTree = "<group>"; };
		42BC60441E6F202A00CCA177 /* PetsViewController.swift */ = {isa = PBXFileReference; fileEncoding = 4; lastKnownFileType = sourcecode.swift; path = PetsViewController.swift; sourceTree = "<group>"; };
		42BC60461E6F31AC00CCA177 /* AddingOwnerViewController.swift */ = {isa = PBXFileReference; fileEncoding = 4; lastKnownFileType = sourcecode.swift; path = AddingOwnerViewController.swift; sourceTree = "<group>"; };
		42BC60481E6F31BB00CCA177 /* AddPetsViewController.swift */ = {isa = PBXFileReference; fileEncoding = 4; lastKnownFileType = sourcecode.swift; path = AddPetsViewController.swift; sourceTree = "<group>"; };
		42BC604A1E6F32A000CCA177 /* Data.swift */ = {isa = PBXFileReference; fileEncoding = 4; lastKnownFileType = sourcecode.swift; path = Data.swift; sourceTree = "<group>"; };
/* End PBXFileReference section */

/* Begin PBXFrameworksBuildPhase section */
		42BC600B1E6E3AC100CCA177 /* Frameworks */ = {
			isa = PBXFrameworksBuildPhase;
			buildActionMask = 2147483647;
			files = (
			);
			runOnlyForDeploymentPostprocessing = 0;
		};
		42BC60241E6E3AC200CCA177 /* Frameworks */ = {
			isa = PBXFrameworksBuildPhase;
			buildActionMask = 2147483647;
			files = (
			);
			runOnlyForDeploymentPostprocessing = 0;
		};
		42BC602F1E6E3AC200CCA177 /* Frameworks */ = {
			isa = PBXFrameworksBuildPhase;
			buildActionMask = 2147483647;
			files = (
			);
			runOnlyForDeploymentPostprocessing = 0;
		};
/* End PBXFrameworksBuildPhase section */

/* Begin PBXGroup section */
		42BC60051E6E3AC100CCA177 = {
			isa = PBXGroup;
			children = (
				42BC60101E6E3AC200CCA177 /* PetStore */,
				42BC602A1E6E3AC200CCA177 /* PetStoreTests */,
				42BC60351E6E3AC200CCA177 /* PetStoreUITests */,
				42BC600F1E6E3AC200CCA177 /* Products */,
			);
			sourceTree = "<group>";
		};
		42BC600F1E6E3AC200CCA177 /* Products */ = {
			isa = PBXGroup;
			children = (
				42BC600E1E6E3AC200CCA177 /* PetStore.app */,
				42BC60271E6E3AC200CCA177 /* PetStoreTests.xctest */,
				42BC60321E6E3AC200CCA177 /* PetStoreUITests.xctest */,
			);
			name = Products;
			sourceTree = "<group>";
		};
		42BC60101E6E3AC200CCA177 /* PetStore */ = {
			isa = PBXGroup;
			children = (
				42BC60111E6E3AC200CCA177 /* AppDelegate.swift */,
				42BC60161E6E3AC200CCA177 /* MasterViewController.swift */,
				42BC60441E6F202A00CCA177 /* PetsViewController.swift */,
				42BC60461E6F31AC00CCA177 /* AddingOwnerViewController.swift */,
				42BC60481E6F31BB00CCA177 /* AddPetsViewController.swift */,
				42BC60181E6E3AC200CCA177 /* DetailViewController.swift */,
				42BC604A1E6F32A000CCA177 /* Data.swift */,
				42BC601A1E6E3AC200CCA177 /* Main.storyboard */,
				42BC601D1E6E3AC200CCA177 /* Assets.xcassets */,
				42BC601F1E6E3AC200CCA177 /* LaunchScreen.storyboard */,
				42BC60221E6E3AC200CCA177 /* Info.plist */,
				42BC60131E6E3AC200CCA177 /* PetStore.xcdatamodeld */,
			);
			path = PetStore;
			sourceTree = "<group>";
		};
		42BC602A1E6E3AC200CCA177 /* PetStoreTests */ = {
			isa = PBXGroup;
			children = (
				42BC602B1E6E3AC200CCA177 /* PetStoreTests.swift */,
				42BC602D1E6E3AC200CCA177 /* Info.plist */,
			);
			path = PetStoreTests;
			sourceTree = "<group>";
		};
		42BC60351E6E3AC200CCA177 /* PetStoreUITests */ = {
			isa = PBXGroup;
			children = (
				42BC60361E6E3AC200CCA177 /* PetStoreUITests.swift */,
				42BC60381E6E3AC200CCA177 /* Info.plist */,
			);
			path = PetStoreUITests;
			sourceTree = "<group>";
		};
/* End PBXGroup section */

/* Begin PBXNativeTarget section */
		42BC600D1E6E3AC100CCA177 /* PetStore */ = {
			isa = PBXNativeTarget;
			buildConfigurationList = 42BC603B1E6E3AC200CCA177 /* Build configuration list for PBXNativeTarget "PetStore" */;
			buildPhases = (
				42BC600A1E6E3AC100CCA177 /* Sources */,
				42BC600B1E6E3AC100CCA177 /* Frameworks */,
				42BC600C1E6E3AC100CCA177 /* Resources */,
			);
			buildRules = (
			);
			dependencies = (
			);
			name = PetStore;
			productName = PetStore;
			productReference = 42BC600E1E6E3AC200CCA177 /* PetStore.app */;
			productType = "com.apple.product-type.application";
		};
		42BC60261E6E3AC200CCA177 /* PetStoreTests */ = {
			isa = PBXNativeTarget;
			buildConfigurationList = 42BC603E1E6E3AC200CCA177 /* Build configuration list for PBXNativeTarget "PetStoreTests" */;
			buildPhases = (
				42BC60231E6E3AC200CCA177 /* Sources */,
				42BC60241E6E3AC200CCA177 /* Frameworks */,
				42BC60251E6E3AC200CCA177 /* Resources */,
			);
			buildRules = (
			);
			dependencies = (
				42BC60291E6E3AC200CCA177 /* PBXTargetDependency */,
			);
			name = PetStoreTests;
			productName = PetStoreTests;
			productReference = 42BC60271E6E3AC200CCA177 /* PetStoreTests.xctest */;
			productType = "com.apple.product-type.bundle.unit-test";
		};
		42BC60311E6E3AC200CCA177 /* PetStoreUITests */ = {
			isa = PBXNativeTarget;
			buildConfigurationList = 42BC60411E6E3AC200CCA177 /* Build configuration list for PBXNativeTarget "PetStoreUITests" */;
			buildPhases = (
				42BC602E1E6E3AC200CCA177 /* Sources */,
				42BC602F1E6E3AC200CCA177 /* Frameworks */,
				42BC60301E6E3AC200CCA177 /* Resources */,
			);
			buildRules = (
			);
			dependencies = (
				42BC60341E6E3AC200CCA177 /* PBXTargetDependency */,
			);
			name = PetStoreUITests;
			productName = PetStoreUITests;
			productReference = 42BC60321E6E3AC200CCA177 /* PetStoreUITests.xctest */;
			productType = "com.apple.product-type.bundle.ui-testing";
		};
/* End PBXNativeTarget section */

/* Begin PBXProject section */
		42BC60061E6E3AC100CCA177 /* Project object */ = {
			isa = PBXProject;
			attributes = {
				LastSwiftUpdateCheck = 0820;
				LastUpgradeCheck = 0820;
				ORGANIZATIONNAME = "___AbeRodriguez___";
				TargetAttributes = {
					42BC600D1E6E3AC100CCA177 = {
						CreatedOnToolsVersion = 8.2.1;
						DevelopmentTeam = YF42EZQZ5A;
						ProvisioningStyle = Automatic;
					};
					42BC60261E6E3AC200CCA177 = {
						CreatedOnToolsVersion = 8.2.1;
						DevelopmentTeam = YF42EZQZ5A;
						ProvisioningStyle = Automatic;
						TestTargetID = 42BC600D1E6E3AC100CCA177;
					};
					42BC60311E6E3AC200CCA177 = {
						CreatedOnToolsVersion = 8.2.1;
						DevelopmentTeam = YF42EZQZ5A;
						ProvisioningStyle = Automatic;
						TestTargetID = 42BC600D1E6E3AC100CCA177;
					};
				};
			};
			buildConfigurationList = 42BC60091E6E3AC100CCA177 /* Build configuration list for PBXProject "PetStore" */;
			compatibilityVersion = "Xcode 3.2";
			developmentRegion = English;
			hasScannedForEncodings = 0;
			knownRegions = (
				en,
				Base,
			);
			mainGroup = 42BC60051E6E3AC100CCA177;
			productRefGroup = 42BC600F1E6E3AC200CCA177 /* Products */;
			projectDirPath = "";
			projectRoot = "";
			targets = (
				42BC600D1E6E3AC100CCA177 /* PetStore */,
				42BC60261E6E3AC200CCA177 /* PetStoreTests */,
				42BC60311E6E3AC200CCA177 /* PetStoreUITests */,
			);
		};
/* End PBXProject section */

/* Begin PBXResourcesBuildPhase section */
		42BC600C1E6E3AC100CCA177 /* Resources */ = {
			isa = PBXResourcesBuildPhase;
			buildActionMask = 2147483647;
			files = (
				42BC60211E6E3AC200CCA177 /* LaunchScreen.storyboard in Resources */,
				42BC601E1E6E3AC200CCA177 /* Assets.xcassets in Resources */,
				42BC601C1E6E3AC200CCA177 /* Main.storyboard in Resources */,
			);
			runOnlyForDeploymentPostprocessing = 0;
		};
		42BC60251E6E3AC200CCA177 /* Resources */ = {
			isa = PBXResourcesBuildPhase;
			buildActionMask = 2147483647;
			files = (
			);
			runOnlyForDeploymentPostprocessing = 0;
		};
		42BC60301E6E3AC200CCA177 /* Resources */ = {
			isa = PBXResourcesBuildPhase;
			buildActionMask = 2147483647;
			files = (
			);
			runOnlyForDeploymentPostprocessing = 0;
		};
/* End PBXResourcesBuildPhase section */

/* Begin PBXSourcesBuildPhase section */
		42BC600A1E6E3AC100CCA177 /* Sources */ = {
			isa = PBXSourcesBuildPhase;
			buildActionMask = 2147483647;
			files = (
				42BC60491E6F31BB00CCA177 /* AddPetsViewController.swift in Sources */,
				42BC60121E6E3AC200CCA177 /* AppDelegate.swift in Sources */,
				42BC60451E6F202A00CCA177 /* PetsViewController.swift in Sources */,
				42BC60151E6E3AC200CCA177 /* PetStore.xcdatamodeld in Sources */,
				42BC60171E6E3AC200CCA177 /* MasterViewController.swift in Sources */,
				42BC60191E6E3AC200CCA177 /* DetailViewController.swift in Sources */,
				42BC60471E6F31AC00CCA177 /* AddingOwnerViewController.swift in Sources */,
				42BC604B1E6F32A000CCA177 /* Data.swift in Sources */,
			);
			runOnlyForDeploymentPostprocessing = 0;
		};
		42BC60231E6E3AC200CCA177 /* Sources */ = {
			isa = PBXSourcesBuildPhase;
			buildActionMask = 2147483647;
			files = (
				42BC602C1E6E3AC200CCA177 /* PetStoreTests.swift in Sources */,
			);
			runOnlyForDeploymentPostprocessing = 0;
		};
		42BC602E1E6E3AC200CCA177 /* Sources */ = {
			isa = PBXSourcesBuildPhase;
			buildActionMask = 2147483647;
			files = (
				42BC60371E6E3AC200CCA177 /* PetStoreUITests.swift in Sources */,
			);
			runOnlyForDeploymentPostprocessing = 0;
		};
/* End PBXSourcesBuildPhase section */

/* Begin PBXTargetDependency section */
		42BC60291E6E3AC200CCA177 /* PBXTargetDependency */ = {
			isa = PBXTargetDependency;
			target = 42BC600D1E6E3AC100CCA177 /* PetStore */;
			targetProxy = 42BC60281E6E3AC200CCA177 /* PBXContainerItemProxy */;
		};
		42BC60341E6E3AC200CCA177 /* PBXTargetDependency */ = {
			isa = PBXTargetDependency;
			target = 42BC600D1E6E3AC100CCA177 /* PetStore */;
			targetProxy = 42BC60331E6E3AC200CCA177 /* PBXContainerItemProxy */;
		};
/* End PBXTargetDependency section */

/* Begin PBXVariantGroup section */
		42BC601A1E6E3AC200CCA177 /* Main.storyboard */ = {
			isa = PBXVariantGroup;
			children = (
				42BC601B1E6E3AC200CCA177 /* Base */,
			);
			name = Main.storyboard;
			sourceTree = "<group>";
		};
		42BC601F1E6E3AC200CCA177 /* LaunchScreen.storyboard */ = {
			isa = PBXVariantGroup;
			children = (
				42BC60201E6E3AC200CCA177 /* Base */,
			);
			name = LaunchScreen.storyboard;
			sourceTree = "<group>";
		};
/* End PBXVariantGroup section */

/* Begin XCBuildConfiguration section */
		42BC60391E6E3AC200CCA177 /* Debug */ = {
			isa = XCBuildConfiguration;
			buildSettings = {
				ALWAYS_SEARCH_USER_PATHS = NO;
				CLANG_ANALYZER_NONNULL = YES;
				CLANG_CXX_LANGUAGE_STANDARD = "gnu++0x";
				CLANG_CXX_LIBRARY = "libc++";
				CLANG_ENABLE_MODULES = YES;
				CLANG_ENABLE_OBJC_ARC = YES;
				CLANG_WARN_BOOL_CONVERSION = YES;
				CLANG_WARN_CONSTANT_CONVERSION = YES;
				CLANG_WARN_DIRECT_OBJC_ISA_USAGE = YES_ERROR;
				CLANG_WARN_DOCUMENTATION_COMMENTS = YES;
				CLANG_WARN_EMPTY_BODY = YES;
				CLANG_WARN_ENUM_CONVERSION = YES;
				CLANG_WARN_INFINITE_RECURSION = YES;
				CLANG_WARN_INT_CONVERSION = YES;
				CLANG_WARN_OBJC_ROOT_CLASS = YES_ERROR;
				CLANG_WARN_SUSPICIOUS_MOVE = YES;
				CLANG_WARN_UNREACHABLE_CODE = YES;
				CLANG_WARN__DUPLICATE_METHOD_MATCH = YES;
				"CODE_SIGN_IDENTITY[sdk=iphoneos*]" = "iPhone Developer";
				COPY_PHASE_STRIP = NO;
				DEBUG_INFORMATION_FORMAT = dwarf;
				ENABLE_STRICT_OBJC_MSGSEND = YES;
				ENABLE_TESTABILITY = YES;
				GCC_C_LANGUAGE_STANDARD = gnu99;
				GCC_DYNAMIC_NO_PIC = NO;
				GCC_NO_COMMON_BLOCKS = YES;
				GCC_OPTIMIZATION_LEVEL = 0;
				GCC_PREPROCESSOR_DEFINITIONS = (
					"DEBUG=1",
					"$(inherited)",
				);
				GCC_WARN_64_TO_32_BIT_CONVERSION = YES;
				GCC_WARN_ABOUT_RETURN_TYPE = YES_ERROR;
				GCC_WARN_UNDECLARED_SELECTOR = YES;
				GCC_WARN_UNINITIALIZED_AUTOS = YES_AGGRESSIVE;
				GCC_WARN_UNUSED_FUNCTION = YES;
				GCC_WARN_UNUSED_VARIABLE = YES;
				IPHONEOS_DEPLOYMENT_TARGET = 10.2;
				MTL_ENABLE_DEBUG_INFO = YES;
				ONLY_ACTIVE_ARCH = YES;
				SDKROOT = iphoneos;
				SWIFT_ACTIVE_COMPILATION_CONDITIONS = DEBUG;
				SWIFT_OPTIMIZATION_LEVEL = "-Onone";
			};
			name = Debug;
		};
		42BC603A1E6E3AC200CCA177 /* Release */ = {
			isa = XCBuildConfiguration;
			buildSettings = {
				ALWAYS_SEARCH_USER_PATHS = NO;
				CLANG_ANALYZER_NONNULL = YES;
				CLANG_CXX_LANGUAGE_STANDARD = "gnu++0x";
				CLANG_CXX_LIBRARY = "libc++";
				CLANG_ENABLE_MODULES = YES;
				CLANG_ENABLE_OBJC_ARC = YES;
				CLANG_WARN_BOOL_CONVERSION = YES;
				CLANG_WARN_CONSTANT_CONVERSION = YES;
				CLANG_WARN_DIRECT_OBJC_ISA_USAGE = YES_ERROR;
				CLANG_WARN_DOCUMENTATION_COMMENTS = YES;
				CLANG_WARN_EMPTY_BODY = YES;
				CLANG_WARN_ENUM_CONVERSION = YES;
				CLANG_WARN_INFINITE_RECURSION = YES;
				CLANG_WARN_INT_CONVERSION = YES;
				CLANG_WARN_OBJC_ROOT_CLASS = YES_ERROR;
				CLANG_WARN_SUSPICIOUS_MOVE = YES;
				CLANG_WARN_UNREACHABLE_CODE = YES;
				CLANG_WARN__DUPLICATE_METHOD_MATCH = YES;
				"CODE_SIGN_IDENTITY[sdk=iphoneos*]" = "iPhone Developer";
				COPY_PHASE_STRIP = NO;
				DEBUG_INFORMATION_FORMAT = "dwarf-with-dsym";
				ENABLE_NS_ASSERTIONS = NO;
				ENABLE_STRICT_OBJC_MSGSEND = YES;
				GCC_C_LANGUAGE_STANDARD = gnu99;
				GCC_NO_COMMON_BLOCKS = YES;
				GCC_WARN_64_TO_32_BIT_CONVERSION = YES;
				GCC_WARN_ABOUT_RETURN_TYPE = YES_ERROR;
				GCC_WARN_UNDECLARED_SELECTOR = YES;
				GCC_WARN_UNINITIALIZED_AUTOS = YES_AGGRESSIVE;
				GCC_WARN_UNUSED_FUNCTION = YES;
				GCC_WARN_UNUSED_VARIABLE = YES;
				IPHONEOS_DEPLOYMENT_TARGET = 10.2;
				MTL_ENABLE_DEBUG_INFO = NO;
				SDKROOT = iphoneos;
				SWIFT_OPTIMIZATION_LEVEL = "-Owholemodule";
				VALIDATE_PRODUCT = YES;
			};
			name = Release;
		};
		42BC603C1E6E3AC200CCA177 /* Debug */ = {
			isa = XCBuildConfiguration;
			buildSettings = {
				ASSETCATALOG_COMPILER_APPICON_NAME = AppIcon;
				DEVELOPMENT_TEAM = YF42EZQZ5A;
				INFOPLIST_FILE = PetStore/Info.plist;
				LD_RUNPATH_SEARCH_PATHS = "$(inherited) @executable_path/Frameworks";
				PRODUCT_BUNDLE_IDENTIFIER = "edu.niu.-1758468.PetStore";
				PRODUCT_NAME = "$(TARGET_NAME)";
				SWIFT_VERSION = 3.0;
			};
			name = Debug;
		};
		42BC603D1E6E3AC200CCA177 /* Release */ = {
			isa = XCBuildConfiguration;
			buildSettings = {
				ASSETCATALOG_COMPILER_APPICON_NAME = AppIcon;
				DEVELOPMENT_TEAM = YF42EZQZ5A;
				INFOPLIST_FILE = PetStore/Info.plist;
				LD_RUNPATH_SEARCH_PATHS = "$(inherited) @executable_path/Frameworks";
				PRODUCT_BUNDLE_IDENTIFIER = "edu.niu.-1758468.PetStore";
				PRODUCT_NAME = "$(TARGET_NAME)";
				SWIFT_VERSION = 3.0;
			};
			name = Release;
		};
		42BC603F1E6E3AC200CCA177 /* Debug */ = {
			isa = XCBuildConfiguration;
			buildSettings = {
				ALWAYS_EMBED_SWIFT_STANDARD_LIBRARIES = YES;
				BUNDLE_LOADER = "$(TEST_HOST)";
				DEVELOPMENT_TEAM = YF42EZQZ5A;
				INFOPLIST_FILE = PetStoreTests/Info.plist;
				LD_RUNPATH_SEARCH_PATHS = "$(inherited) @executable_path/Frameworks @loader_path/Frameworks";
				PRODUCT_BUNDLE_IDENTIFIER = "edu.niu.-1758468.PetStoreTests";
				PRODUCT_NAME = "$(TARGET_NAME)";
				SWIFT_VERSION = 3.0;
				TEST_HOST = "$(BUILT_PRODUCTS_DIR)/PetStore.app/PetStore";
			};
			name = Debug;
		};
		42BC60401E6E3AC200CCA177 /* Release */ = {
			isa = XCBuildConfiguration;
			buildSettings = {
				ALWAYS_EMBED_SWIFT_STANDARD_LIBRARIES = YES;
				BUNDLE_LOADER = "$(TEST_HOST)";
				DEVELOPMENT_TEAM = YF42EZQZ5A;
				INFOPLIST_FILE = PetStoreTests/Info.plist;
				LD_RUNPATH_SEARCH_PATHS = "$(inherited) @executable_path/Frameworks @loader_path/Frameworks";
				PRODUCT_BUNDLE_IDENTIFIER = "edu.niu.-1758468.PetStoreTests";
				PRODUCT_NAME = "$(TARGET_NAME)";
				SWIFT_VERSION = 3.0;
				TEST_HOST = "$(BUILT_PRODUCTS_DIR)/PetStore.app/PetStore";
			};
			name = Release;
		};
		42BC60421E6E3AC200CCA177 /* Debug */ = {
			isa = XCBuildConfiguration;
			buildSettings = {
				ALWAYS_EMBED_SWIFT_STANDARD_LIBRARIES = YES;
				DEVELOPMENT_TEAM = YF42EZQZ5A;
				INFOPLIST_FILE = PetStoreUITests/Info.plist;
				LD_RUNPATH_SEARCH_PATHS = "$(inherited) @executable_path/Frameworks @loader_path/Frameworks";
				PRODUCT_BUNDLE_IDENTIFIER = "edu.niu.-1758468.PetStoreUITests";
				PRODUCT_NAME = "$(TARGET_NAME)";
				SWIFT_VERSION = 3.0;
				TEST_TARGET_NAME = PetStore;
			};
			name = Debug;
		};
		42BC60431E6E3AC200CCA177 /* Release */ = {
			isa = XCBuildConfiguration;
			buildSettings = {
				ALWAYS_EMBED_SWIFT_STANDARD_LIBRARIES = YES;
				DEVELOPMENT_TEAM = YF42EZQZ5A;
				INFOPLIST_FILE = PetStoreUITests/Info.plist;
				LD_RUNPATH_SEARCH_PATHS = "$(inherited) @executable_path/Frameworks @loader_path/Frameworks";
				PRODUCT_BUNDLE_IDENTIFIER = "edu.niu.-1758468.PetStoreUITests";
				PRODUCT_NAME = "$(TARGET_NAME)";
				SWIFT_VERSION = 3.0;
				TEST_TARGET_NAME = PetStore;
			};
			name = Release;
		};
/* End XCBuildConfiguration section */

/* Begin XCConfigurationList section */
		42BC60091E6E3AC100CCA177 /* Build configuration list for PBXProject "PetStore" */ = {
			isa = XCConfigurationList;
			buildConfigurations = (
				42BC60391E6E3AC200CCA177 /* Debug */,
				42BC603A1E6E3AC200CCA177 /* Release */,
			);
			defaultConfigurationIsVisible = 0;
			defaultConfigurationName = Release;
		};
		42BC603B1E6E3AC200CCA177 /* Build configuration list for PBXNativeTarget "PetStore" */ = {
			isa = XCConfigurationList;
			buildConfigurations = (
				42BC603C1E6E3AC200CCA177 /* Debug */,
				42BC603D1E6E3AC200CCA177 /* Release */,
			);
			defaultConfigurationIsVisible = 0;
		};
		42BC603E1E6E3AC200CCA177 /* Build configuration list for PBXNativeTarget "PetStoreTests" */ = {
			isa = XCConfigurationList;
			buildConfigurations = (
				42BC603F1E6E3AC200CCA177 /* Debug */,
				42BC60401E6E3AC200CCA177 /* Release */,
			);
			defaultConfigurationIsVisible = 0;
		};
		42BC60411E6E3AC200CCA177 /* Build configuration list for PBXNativeTarget "PetStoreUITests" */ = {
			isa = XCConfigurationList;
			buildConfigurations = (
				42BC60421E6E3AC200CCA177 /* Debug */,
				42BC60431E6E3AC200CCA177 /* Release */,
			);
			defaultConfigurationIsVisible = 0;
		};
/* End XCConfigurationList section */

/* Begin XCVersionGroup section */
		42BC60131E6E3AC200CCA177 /* PetStore.xcdatamodeld */ = {
			isa = XCVersionGroup;
			children = (
				42BC60141E6E3AC200CCA177 /* PetStore.xcdatamodel */,
			);
			currentVersion = 42BC60141E6E3AC200CCA177 /* PetStore.xcdatamodel */;
			path = PetStore.xcdatamodeld;
			sourceTree = "<group>";
			versionGroupType = wrapper.xcdatamodel;
		};
/* End XCVersionGroup section */
	};
	rootObject = 42BC60061E6E3AC100CCA177 /* Project object */;
}
